// !$*UTF8*$!
{
	archiveVersion = 1;
	classes = {
	};
	objectVersion = 56;
	objects = {

/* Begin PBXBuildFile section */
		39A190AD55901EEC1F6C891F /* Pods_Basketballapp.framework in Frameworks */ = {isa = PBXBuildFile; fileRef = B08ABD2948A7D6DABAF65FDC /* Pods_Basketballapp.framework */; };
		6557F33D2C51A1C50055304B /* AppDelegate.swift in Sources */ = {isa = PBXBuildFile; fileRef = 6557F33C2C51A1C50055304B /* AppDelegate.swift */; };
		6557F33F2C51A1C50055304B /* SceneDelegate.swift in Sources */ = {isa = PBXBuildFile; fileRef = 6557F33E2C51A1C50055304B /* SceneDelegate.swift */; };
		6557F3412C51A1C50055304B /* ViewController.swift in Sources */ = {isa = PBXBuildFile; fileRef = 6557F3402C51A1C50055304B /* ViewController.swift */; };
		6557F3442C51A1C50055304B /* Main.storyboard in Resources */ = {isa = PBXBuildFile; fileRef = 6557F3422C51A1C50055304B /* Main.storyboard */; };
		6557F3462C51A1C70055304B /* Assets.xcassets in Resources */ = {isa = PBXBuildFile; fileRef = 6557F3452C51A1C70055304B /* Assets.xcassets */; };
		6557F3492C51A1C70055304B /* LaunchScreen.storyboard in Resources */ = {isa = PBXBuildFile; fileRef = 6557F3472C51A1C70055304B /* LaunchScreen.storyboard */; };
		6557F3532C54613E0055304B /* PaymentViewController.swift in Sources */ = {isa = PBXBuildFile; fileRef = 6557F3522C54613E0055304B /* PaymentViewController.swift */; };
/* End PBXBuildFile section */

/* Begin PBXFileReference section */
		64A68DEC13F1BB8D991794C2 /* Pods-Basketballapp.release.xcconfig */ = {isa = PBXFileReference; includeInIndex = 1; lastKnownFileType = text.xcconfig; name = "Pods-Basketballapp.release.xcconfig"; path = "Target Support Files/Pods-Basketballapp/Pods-Basketballapp.release.xcconfig"; sourceTree = "<group>"; };
		6557F3392C51A1C50055304B /* Basketballapp.app */ = {isa = PBXFileReference; explicitFileType = wrapper.application; includeInIndex = 0; path = Basketballapp.app; sourceTree = BUILT_PRODUCTS_DIR; };
		6557F33C2C51A1C50055304B /* AppDelegate.swift */ = {isa = PBXFileReference; lastKnownFileType = sourcecode.swift; path = AppDelegate.swift; sourceTree = "<group>"; };
		6557F33E2C51A1C50055304B /* SceneDelegate.swift */ = {isa = PBXFileReference; lastKnownFileType = sourcecode.swift; path = SceneDelegate.swift; sourceTree = "<group>"; };
		6557F3402C51A1C50055304B /* ViewController.swift */ = {isa = PBXFileReference; lastKnownFileType = sourcecode.swift; path = ViewController.swift; sourceTree = "<group>"; };
		6557F3432C51A1C50055304B /* Base */ = {isa = PBXFileReference; lastKnownFileType = file.storyboard; name = Base; path = Base.lproj/Main.storyboard; sourceTree = "<group>"; };
		6557F3452C51A1C70055304B /* Assets.xcassets */ = {isa = PBXFileReference; lastKnownFileType = folder.assetcatalog; path = Assets.xcassets; sourceTree = "<group>"; };
		6557F3482C51A1C70055304B /* Base */ = {isa = PBXFileReference; lastKnownFileType = file.storyboard; name = Base; path = Base.lproj/LaunchScreen.storyboard; sourceTree = "<group>"; };
		6557F34A2C51A1C70055304B /* Info.plist */ = {isa = PBXFileReference; lastKnownFileType = text.plist.xml; path = Info.plist; sourceTree = "<group>"; };
		6557F3522C54613E0055304B /* PaymentViewController.swift */ = {isa = PBXFileReference; lastKnownFileType = sourcecode.swift; path = PaymentViewController.swift; sourceTree = "<group>"; };
		6FB837B716B4090D66A2E17C /* Pods-Basketballapp.debug.xcconfig */ = {isa = PBXFileReference; includeInIndex = 1; lastKnownFileType = text.xcconfig; name = "Pods-Basketballapp.debug.xcconfig"; path = "Target Support Files/Pods-Basketballapp/Pods-Basketballapp.debug.xcconfig"; sourceTree = "<group>"; };
		B08ABD2948A7D6DABAF65FDC /* Pods_Basketballapp.framework */ = {isa = PBXFileReference; explicitFileType = wrapper.framework; includeInIndex = 0; path = Pods_Basketballapp.framework; sourceTree = BUILT_PRODUCTS_DIR; };
/* End PBXFileReference section */

/* Begin PBXFrameworksBuildPhase section */
		6557F3362C51A1C50055304B /* Frameworks */ = {
			isa = PBXFrameworksBuildPhase;
			buildActionMask = 2147483647;
			files = (
				39A190AD55901EEC1F6C891F /* Pods_Basketballapp.framework in Frameworks */,
			);
			runOnlyForDeploymentPostprocessing = 0;
		};
/* End PBXFrameworksBuildPhase section */

/* Begin PBXGroup section */
		6557F3302C51A1C50055304B = {
			isa = PBXGroup;
			children = (
				6557F33B2C51A1C50055304B /* Basketballapp */,
				6557F33A2C51A1C50055304B /* Products */,
				BF082598BACE68AB61473992 /* Pods */,
				A53972E11A9AE26E54BDAB05 /* Frameworks */,
			);
			sourceTree = "<group>";
		};
		6557F33A2C51A1C50055304B /* Products */ = {
			isa = PBXGroup;
			children = (
				6557F3392C51A1C50055304B /* Basketballapp.app */,
			);
			name = Products;
			sourceTree = "<group>";
		};
		6557F33B2C51A1C50055304B /* Basketballapp */ = {
			isa = PBXGroup;
			children = (
				6557F33C2C51A1C50055304B /* AppDelegate.swift */,
				6557F33E2C51A1C50055304B /* SceneDelegate.swift */,
				6557F3402C51A1C50055304B /* ViewController.swift */,
				6557F3422C51A1C50055304B /* Main.storyboard */,
				6557F3522C54613E0055304B /* PaymentViewController.swift */,
				6557F3452C51A1C70055304B /* Assets.xcassets */,
				6557F3472C51A1C70055304B /* LaunchScreen.storyboard */,
				6557F34A2C51A1C70055304B /* Info.plist */,
			);
			path = Basketballapp;
			sourceTree = "<group>";
		};
		A53972E11A9AE26E54BDAB05 /* Frameworks */ = {
			isa = PBXGroup;
			children = (
				B08ABD2948A7D6DABAF65FDC /* Pods_Basketballapp.framework */,
			);
			name = Frameworks;
			sourceTree = "<group>";
		};
		BF082598BACE68AB61473992 /* Pods */ = {
			isa = PBXGroup;
			children = (
				6FB837B716B4090D66A2E17C /* Pods-Basketballapp.debug.xcconfig */,
				64A68DEC13F1BB8D991794C2 /* Pods-Basketballapp.release.xcconfig */,
			);
			name = Pods;
			path = Pods;
			sourceTree = "<group>";
		};
/* End PBXGroup section */

/* Begin PBXNativeTarget section */
		6557F3382C51A1C50055304B /* Basketballapp */ = {
			isa = PBXNativeTarget;
			buildConfigurationList = 6557F34D2C51A1C70055304B /* Build configuration list for PBXNativeTarget "Basketballapp" */;
			buildPhases = (
				5946430850DBB419AC9119CB /* [CP] Check Pods Manifest.lock */,
				6557F3352C51A1C50055304B /* Sources */,
				6557F3362C51A1C50055304B /* Frameworks */,
				6557F3372C51A1C50055304B /* Resources */,
				8AD753CEC3E52A0FFC7D13EA /* [CP] Embed Pods Frameworks */,
			);
			buildRules = (
			);
			dependencies = (
			);
			name = Basketballapp;
			productName = Basketballapp;
			productReference = 6557F3392C51A1C50055304B /* Basketballapp.app */;
			productType = "com.apple.product-type.application";
		};
/* End PBXNativeTarget section */

/* Begin PBXProject section */
		6557F3312C51A1C50055304B /* Project object */ = {
			isa = PBXProject;
			attributes = {
				BuildIndependentTargetsInParallel = 1;
				LastSwiftUpdateCheck = 1430;
				LastUpgradeCheck = 1430;
				TargetAttributes = {
					6557F3382C51A1C50055304B = {
						CreatedOnToolsVersion = 14.3.1;
					};
				};
			};
			buildConfigurationList = 6557F3342C51A1C50055304B /* Build configuration list for PBXProject "Basketballapp" */;
			compatibilityVersion = "Xcode 14.0";
			developmentRegion = en;
			hasScannedForEncodings = 0;
			knownRegions = (
				en,
				Base,
			);
			mainGroup = 6557F3302C51A1C50055304B;
			productRefGroup = 6557F33A2C51A1C50055304B /* Products */;
			projectDirPath = "";
			projectRoot = "";
			targets = (
				6557F3382C51A1C50055304B /* Basketballapp */,
			);
		};
/* End PBXProject section */

/* Begin PBXResourcesBuildPhase section */
		6557F3372C51A1C50055304B /* Resources */ = {
			isa = PBXResourcesBuildPhase;
			buildActionMask = 2147483647;
			files = (
				6557F3492C51A1C70055304B /* LaunchScreen.storyboard in Resources */,
				6557F3462C51A1C70055304B /* Assets.xcassets in Resources */,
				6557F3442C51A1C50055304B /* Main.storyboard in Resources */,
			);
			runOnlyForDeploymentPostprocessing = 0;
		};
/* End PBXResourcesBuildPhase section */

/* Begin PBXShellScriptBuildPhase section */
		5946430850DBB419AC9119CB /* [CP] Check Pods Manifest.lock */ = {
			isa = PBXShellScriptBuildPhase;
			buildActionMask = 2147483647;
			files = (
			);
			inputFileListPaths = (
			);
			inputPaths = (
				"${PODS_PODFILE_DIR_PATH}/Podfile.lock",
				"${PODS_ROOT}/Manifest.lock",
			);
			name = "[CP] Check Pods Manifest.lock";
			outputFileListPaths = (
			);
			outputPaths = (
				"$(DERIVED_FILE_DIR)/Pods-Basketballapp-checkManifestLockResult.txt",
			);
			runOnlyForDeploymentPostprocessing = 0;
			shellPath = /bin/sh;
			shellScript = "diff \"${PODS_PODFILE_DIR_PATH}/Podfile.lock\" \"${PODS_ROOT}/Manifest.lock\" > /dev/null\nif [ $? != 0 ] ; then\n    # print error to STDERR\n    echo \"error: The sandbox is not in sync with the Podfile.lock. Run 'pod install' or update your CocoaPods installation.\" >&2\n    exit 1\nfi\n# This output is used by Xcode 'outputs' to avoid re-running this script phase.\necho \"SUCCESS\" > \"${SCRIPT_OUTPUT_FILE_0}\"\n";
			showEnvVarsInLog = 0;
		};
		8AD753CEC3E52A0FFC7D13EA /* [CP] Embed Pods Frameworks */ = {
			isa = PBXShellScriptBuildPhase;
			buildActionMask = 2147483647;
			files = (
			);
			inputFileListPaths = (
				"${PODS_ROOT}/Target Support Files/Pods-Basketballapp/Pods-Basketballapp-frameworks-${CONFIGURATION}-input-files.xcfilelist",
			);
			name = "[CP] Embed Pods Frameworks";
			outputFileListPaths = (
				"${PODS_ROOT}/Target Support Files/Pods-Basketballapp/Pods-Basketballapp-frameworks-${CONFIGURATION}-output-files.xcfilelist",
			);
			runOnlyForDeploymentPostprocessing = 0;
			shellPath = /bin/sh;
			shellScript = "\"${PODS_ROOT}/Target Support Files/Pods-Basketballapp/Pods-Basketballapp-frameworks.sh\"\n";
			showEnvVarsInLog = 0;
		};
/* End PBXShellScriptBuildPhase section */

/* Begin PBXSourcesBuildPhase section */
		6557F3352C51A1C50055304B /* Sources */ = {
			isa = PBXSourcesBuildPhase;
			buildActionMask = 2147483647;
			files = (
				6557F3412C51A1C50055304B /* ViewController.swift in Sources */,
				6557F33D2C51A1C50055304B /* AppDelegate.swift in Sources */,
				6557F33F2C51A1C50055304B /* SceneDelegate.swift in Sources */,
				6557F3532C54613E0055304B /* PaymentViewController.swift in Sources */,
			);
			runOnlyForDeploymentPostprocessing = 0;
		};
/* End PBXSourcesBuildPhase section */

/* Begin PBXVariantGroup section */
		6557F3422C51A1C50055304B /* Main.storyboard */ = {
			isa = PBXVariantGroup;
			children = (
				6557F3432C51A1C50055304B /* Base */,
			);
			name = Main.storyboard;
			sourceTree = "<group>";
		};
		6557F3472C51A1C70055304B /* LaunchScreen.storyboard */ = {
			isa = PBXVariantGroup;
			children = (
				6557F3482C51A1C70055304B /* Base */,
			);
			name = LaunchScreen.storyboard;
			sourceTree = "<group>";
		};
/* End PBXVariantGroup section */

/* Begin XCBuildConfiguration section */
		6557F34B2C51A1C70055304B /* Debug */ = {
			isa = XCBuildConfiguration;
			buildSettings = {
				ALWAYS_SEARCH_USER_PATHS = NO;
				CLANG_ANALYZER_NONNULL = YES;
				CLANG_ANALYZER_NUMBER_OBJECT_CONVERSION = YES_AGGRESSIVE;
				CLANG_CXX_LANGUAGE_STANDARD = "gnu++20";
				CLANG_ENABLE_MODULES = YES;
				CLANG_ENABLE_OBJC_ARC = YES;
				CLANG_ENABLE_OBJC_WEAK = YES;
				CLANG_WARN_BLOCK_CAPTURE_AUTORELEASING = YES;
				CLANG_WARN_BOOL_CONVERSION = YES;
				CLANG_WARN_COMMA = YES;
				CLANG_WARN_CONSTANT_CONVERSION = YES;
				CLANG_WARN_DEPRECATED_OBJC_IMPLEMENTATIONS = YES;
				CLANG_WARN_DIRECT_OBJC_ISA_USAGE = YES_ERROR;
				CLANG_WARN_DOCUMENTATION_COMMENTS = YES;
				CLANG_WARN_EMPTY_BODY = YES;
				CLANG_WARN_ENUM_CONVERSION = YES;
				CLANG_WARN_INFINITE_RECURSION = YES;
				CLANG_WARN_INT_CONVERSION = YES;
				CLANG_WARN_NON_LITERAL_NULL_CONVERSION = YES;
				CLANG_WARN_OBJC_IMPLICIT_RETAIN_SELF = YES;
				CLANG_WARN_OBJC_LITERAL_CONVERSION = YES;
				CLANG_WARN_OBJC_ROOT_CLASS = YES_ERROR;
				CLANG_WARN_QUOTED_INCLUDE_IN_FRAMEWORK_HEADER = YES;
				CLANG_WARN_RANGE_LOOP_ANALYSIS = YES;
				CLANG_WARN_STRICT_PROTOTYPES = YES;
				CLANG_WARN_SUSPICIOUS_MOVE = YES;
				CLANG_WARN_UNGUARDED_AVAILABILITY = YES_AGGRESSIVE;
				CLANG_WARN_UNREACHABLE_CODE = YES;
				CLANG_WARN__DUPLICATE_METHOD_MATCH = YES;
				COPY_PHASE_STRIP = NO;
				DEBUG_INFORMATION_FORMAT = dwarf;
				ENABLE_STRICT_OBJC_MSGSEND = YES;
				ENABLE_TESTABILITY = YES;
				GCC_C_LANGUAGE_STANDARD = gnu11;
				GCC_DYNAMIC_NO_PIC = NO;
				GCC_NO_COMMON_BLOCKS = YES;
				GCC_OPTIMIZATION_LEVEL = 0;
				GCC_PREPROCESSOR_DEFINITIONS = (
					"DEBUG=1",
					"$(inherited)",
				);
				GCC_WARN_64_TO_32_BIT_CONVERSION = YES;
				GCC_WARN_ABOUT_RETURN_TYPE = YES_ERROR;
				GCC_WARN_UNDECLARED_SELECTOR = YES;
				GCC_WARN_UNINITIALIZED_AUTOS = YES_AGGRESSIVE;
				GCC_WARN_UNUSED_FUNCTION = YES;
				GCC_WARN_UNUSED_VARIABLE = YES;
				IPHONEOS_DEPLOYMENT_TARGET = 16.4;
				MTL_ENABLE_DEBUG_INFO = INCLUDE_SOURCE;
				MTL_FAST_MATH = YES;
				ONLY_ACTIVE_ARCH = YES;
				SDKROOT = iphoneos;
				SWIFT_ACTIVE_COMPILATION_CONDITIONS = DEBUG;
				SWIFT_OPTIMIZATION_LEVEL = "-Onone";
			};
			name = Debug;
		};
		6557F34C2C51A1C70055304B /* Release */ = {
			isa = XCBuildConfiguration;
			buildSettings = {
				ALWAYS_SEARCH_USER_PATHS = NO;
				CLANG_ANALYZER_NONNULL = YES;
				CLANG_ANALYZER_NUMBER_OBJECT_CONVERSION = YES_AGGRESSIVE;
				CLANG_CXX_LANGUAGE_STANDARD = "gnu++20";
				CLANG_ENABLE_MODULES = YES;
				CLANG_ENABLE_OBJC_ARC = YES;
				CLANG_ENABLE_OBJC_WEAK = YES;
				CLANG_WARN_BLOCK_CAPTURE_AUTORELEASING = YES;
				CLANG_WARN_BOOL_CONVERSION = YES;
				CLANG_WARN_COMMA = YES;
				CLANG_WARN_CONSTANT_CONVERSION = YES;
				CLANG_WARN_DEPRECATED_OBJC_IMPLEMENTATIONS = YES;
				CLANG_WARN_DIRECT_OBJC_ISA_USAGE = YES_ERROR;
				CLANG_WARN_DOCUMENTATION_COMMENTS = YES;
				CLANG_WARN_EMPTY_BODY = YES;
				CLANG_WARN_ENUM_CONVERSION = YES;
				CLANG_WARN_INFINITE_RECURSION = YES;
				CLANG_WARN_INT_CONVERSION = YES;
				CLANG_WARN_NON_LITERAL_NULL_CONVERSION = YES;
				CLANG_WARN_OBJC_IMPLICIT_RETAIN_SELF = YES;
				CLANG_WARN_OBJC_LITERAL_CONVERSION = YES;
				CLANG_WARN_OBJC_ROOT_CLASS = YES_ERROR;
				CLANG_WARN_QUOTED_INCLUDE_IN_FRAMEWORK_HEADER = YES;
				CLANG_WARN_RANGE_LOOP_ANALYSIS = YES;
				CLANG_WARN_STRICT_PROTOTYPES = YES;
				CLANG_WARN_SUSPICIOUS_MOVE = YES;
				CLANG_WARN_UNGUARDED_AVAILABILITY = YES_AGGRESSIVE;
				CLANG_WARN_UNREACHABLE_CODE = YES;
				CLANG_WARN__DUPLICATE_METHOD_MATCH = YES;
				COPY_PHASE_STRIP = NO;
				DEBUG_INFORMATION_FORMAT = "dwarf-with-dsym";
				ENABLE_NS_ASSERTIONS = NO;
				ENABLE_STRICT_OBJC_MSGSEND = YES;
				GCC_C_LANGUAGE_STANDARD = gnu11;
				GCC_NO_COMMON_BLOCKS = YES;
				GCC_WARN_64_TO_32_BIT_CONVERSION = YES;
				GCC_WARN_ABOUT_RETURN_TYPE = YES_ERROR;
				GCC_WARN_UNDECLARED_SELECTOR = YES;
				GCC_WARN_UNINITIALIZED_AUTOS = YES_AGGRESSIVE;
				GCC_WARN_UNUSED_FUNCTION = YES;
				GCC_WARN_UNUSED_VARIABLE = YES;
				IPHONEOS_DEPLOYMENT_TARGET = 16.4;
				MTL_ENABLE_DEBUG_INFO = NO;
				MTL_FAST_MATH = YES;
				SDKROOT = iphoneos;
				SWIFT_COMPILATION_MODE = wholemodule;
				SWIFT_OPTIMIZATION_LEVEL = "-O";
				VALIDATE_PRODUCT = YES;
			};
			name = Release;
		};
		6557F34E2C51A1C70055304B /* Debug */ = {
			isa = XCBuildConfiguration;
			baseConfigurationReference = 6FB837B716B4090D66A2E17C /* Pods-Basketballapp.debug.xcconfig */;
			buildSettings = {
				ASSETCATALOG_COMPILER_APPICON_NAME = AppIcon;
				ASSETCATALOG_COMPILER_GLOBAL_ACCENT_COLOR_NAME = AccentColor;
				CODE_SIGN_STYLE = Automatic;
				CURRENT_PROJECT_VERSION = 1;
				DEVELOPMENT_TEAM = D8AP6LD697;
				GENERATE_INFOPLIST_FILE = YES;
				INFOPLIST_FILE = Basketballapp/Info.plist;
				INFOPLIST_KEY_UIApplicationSupportsIndirectInputEvents = YES;
				INFOPLIST_KEY_UILaunchStoryboardName = LaunchScreen;
				INFOPLIST_KEY_UIMainStoryboardFile = Main;
				INFOPLIST_KEY_UISupportedInterfaceOrientations_iPad = "UIInterfaceOrientationPortrait UIInterfaceOrientationPortraitUpsideDown UIInterfaceOrientationLandscapeLeft UIInterfaceOrientationLandscapeRight";
				INFOPLIST_KEY_UISupportedInterfaceOrientations_iPhone = "UIInterfaceOrientationPortrait UIInterfaceOrientationLandscapeLeft UIInterfaceOrientationLandscapeRight";
				LD_RUNPATH_SEARCH_PATHS = (
					"$(inherited)",
					"@executable_path/Frameworks",
				);
				MARKETING_VERSION = 1.0;
				PRODUCT_BUNDLE_IDENTIFIER = com.danielese.Basketballapp;
				PRODUCT_NAME = "$(TARGET_NAME)";
				SWIFT_EMIT_LOC_STRINGS = YES;
				SWIFT_VERSION = 5.0;
				TARGETED_DEVICE_FAMILY = "1,2";
			};
			name = Debug;
		};
		6557F34F2C51A1C70055304B /* Release */ = {
			isa = XCBuildConfiguration;
			baseConfigurationReference = 64A68DEC13F1BB8D991794C2 /* Pods-Basketballapp.release.xcconfig */;
			buildSettings = {
				ASSETCATALOG_COMPILER_APPICON_NAME = AppIcon;
				ASSETCATALOG_COMPILER_GLOBAL_ACCENT_COLOR_NAME = AccentColor;
				CODE_SIGN_STYLE = Automatic;
				CURRENT_PROJECT_VERSION = 1;
				DEVELOPMENT_TEAM = D8AP6LD697;
				GENERATE_INFOPLIST_FILE = YES;
				INFOPLIST_FILE = Basketballapp/Info.plist;
				INFOPLIST_KEY_UIApplicationSupportsIndirectInputEvents = YES;
				INFOPLIST_KEY_UILaunchStoryboardName = LaunchScreen;
				INFOPLIST_KEY_UIMainStoryboardFile = Main;
				INFOPLIST_KEY_UISupportedInterfaceOrientations_iPad = "UIInterfaceOrientationPortrait UIInterfaceOrientationPortraitUpsideDown UIInterfaceOrientationLandscapeLeft UIInterfaceOrientationLandscapeRight";
				INFOPLIST_KEY_UISupportedInterfaceOrientations_iPhone = "UIInterfaceOrientationPortrait UIInterfaceOrientationLandscapeLeft UIInterfaceOrientationLandscapeRight";
				LD_RUNPATH_SEARCH_PATHS = (
					"$(inherited)",
					"@executable_path/Frameworks",
				);
				MARKETING_VERSION = 1.0;
				PRODUCT_BUNDLE_IDENTIFIER = com.danielese.Basketballapp;
				PRODUCT_NAME = "$(TARGET_NAME)";
				SWIFT_EMIT_LOC_STRINGS = YES;
				SWIFT_VERSION = 5.0;
				TARGETED_DEVICE_FAMILY = "1,2";
			};
			name = Release;
		};
/* End XCBuildConfiguration section */

/* Begin XCConfigurationList section */
		6557F3342C51A1C50055304B /* Build configuration list for PBXProject "Basketballapp" */ = {
			isa = XCConfigurationList;
			buildConfigurations = (
				6557F34B2C51A1C70055304B /* Debug */,
				6557F34C2C51A1C70055304B /* Release */,
			);
			defaultConfigurationIsVisible = 0;
			defaultConfigurationName = Release;
		};
		6557F34D2C51A1C70055304B /* Build configuration list for PBXNativeTarget "Basketballapp" */ = {
			isa = XCConfigurationList;
			buildConfigurations = (
				6557F34E2C51A1C70055304B /* Debug */,
				6557F34F2C51A1C70055304B /* Release */,
			);
			defaultConfigurationIsVisible = 0;
			defaultConfigurationName = Release;
		};
/* End XCConfigurationList section */
	};
	rootObject = 6557F3312C51A1C50055304B /* Project object */;
}
